// !$*UTF8*$!
{
	archiveVersion = 1;
	classes = {
	};
	objectVersion = 50;
	objects = {

/* Begin PBXBuildFile section */
		936A3778210E46F300B6209C /* CityViewController.swift in Sources */ = {isa = PBXBuildFile; fileRef = 936A3777210E46F300B6209C /* CityViewController.swift */; };
		936A377A210E60A100B6209C /* City.swift in Sources */ = {isa = PBXBuildFile; fileRef = 936A3779210E60A000B6209C /* City.swift */; };
		936A3783210E692600B6209C /* CityTableViewCell.swift in Sources */ = {isa = PBXBuildFile; fileRef = 936A3781210E692600B6209C /* CityTableViewCell.swift */; };
		93C9BEE5210BE8AA00B9DAD9 /* AppDelegate.swift in Sources */ = {isa = PBXBuildFile; fileRef = 93C9BEE4210BE8AA00B9DAD9 /* AppDelegate.swift */; };
		93C9BEE7210BE8AA00B9DAD9 /* ExplorerViewController.swift in Sources */ = {isa = PBXBuildFile; fileRef = 93C9BEE6210BE8AA00B9DAD9 /* ExplorerViewController.swift */; };
		93C9BEEC210BE8AA00B9DAD9 /* Main.storyboard in Resources */ = {isa = PBXBuildFile; fileRef = 93C9BEEA210BE8AA00B9DAD9 /* Main.storyboard */; };
		93C9BEEE210BE8AD00B9DAD9 /* Assets.xcassets in Resources */ = {isa = PBXBuildFile; fileRef = 93C9BEED210BE8AD00B9DAD9 /* Assets.xcassets */; };
		93C9BEF1210BE8AD00B9DAD9 /* LaunchScreen.storyboard in Resources */ = {isa = PBXBuildFile; fileRef = 93C9BEEF210BE8AD00B9DAD9 /* LaunchScreen.storyboard */; };
		93E2264C210CE982005AFF85 /* StarterViewController.swift in Sources */ = {isa = PBXBuildFile; fileRef = 93E2264B210CE982005AFF85 /* StarterViewController.swift */; };
		9E8CCEA6BCA7C9C2B56E1238 /* Pods_Trippin.framework in Frameworks */ = {isa = PBXBuildFile; fileRef = AC12A4956A62A7645B64C7A9 /* Pods_Trippin.framework */; };
/* End PBXBuildFile section */

/* Begin PBXFileReference section */
		137F074E3F19BE36FE05773A /* Pods-Trippin.debug.xcconfig */ = {isa = PBXFileReference; includeInIndex = 1; lastKnownFileType = text.xcconfig; name = "Pods-Trippin.debug.xcconfig"; path = "Pods/Target Support Files/Pods-Trippin/Pods-Trippin.debug.xcconfig"; sourceTree = "<group>"; };
		936A3777210E46F300B6209C /* CityViewController.swift */ = {isa = PBXFileReference; lastKnownFileType = sourcecode.swift; path = CityViewController.swift; sourceTree = "<group>"; };
		936A3779210E60A000B6209C /* City.swift */ = {isa = PBXFileReference; lastKnownFileType = sourcecode.swift; path = City.swift; sourceTree = "<group>"; };
		936A3781210E692600B6209C /* CityTableViewCell.swift */ = {isa = PBXFileReference; lastKnownFileType = sourcecode.swift; path = CityTableViewCell.swift; sourceTree = "<group>"; };
		93C9BEE1210BE8AA00B9DAD9 /* Trippin.app */ = {isa = PBXFileReference; explicitFileType = wrapper.application; includeInIndex = 0; path = Trippin.app; sourceTree = BUILT_PRODUCTS_DIR; };
		93C9BEE4210BE8AA00B9DAD9 /* AppDelegate.swift */ = {isa = PBXFileReference; lastKnownFileType = sourcecode.swift; path = AppDelegate.swift; sourceTree = "<group>"; };
		93C9BEE6210BE8AA00B9DAD9 /* ExplorerViewController.swift */ = {isa = PBXFileReference; lastKnownFileType = sourcecode.swift; path = ExplorerViewController.swift; sourceTree = "<group>"; };
		93C9BEEB210BE8AA00B9DAD9 /* Base */ = {isa = PBXFileReference; lastKnownFileType = file.storyboard; name = Base; path = Base.lproj/Main.storyboard; sourceTree = "<group>"; };
		93C9BEED210BE8AD00B9DAD9 /* Assets.xcassets */ = {isa = PBXFileReference; lastKnownFileType = folder.assetcatalog; path = Assets.xcassets; sourceTree = "<group>"; };
		93C9BEF0210BE8AD00B9DAD9 /* Base */ = {isa = PBXFileReference; lastKnownFileType = file.storyboard; name = Base; path = Base.lproj/LaunchScreen.storyboard; sourceTree = "<group>"; };
		93C9BEF2210BE8AD00B9DAD9 /* Info.plist */ = {isa = PBXFileReference; lastKnownFileType = text.plist.xml; path = Info.plist; sourceTree = "<group>"; };
		93E2264B210CE982005AFF85 /* StarterViewController.swift */ = {isa = PBXFileReference; lastKnownFileType = sourcecode.swift; path = StarterViewController.swift; sourceTree = "<group>"; };
		AC12A4956A62A7645B64C7A9 /* Pods_Trippin.framework */ = {isa = PBXFileReference; explicitFileType = wrapper.framework; includeInIndex = 0; path = Pods_Trippin.framework; sourceTree = BUILT_PRODUCTS_DIR; };
		FEDF3B02EA0E72B9FBFB5BBD /* Pods-Trippin.release.xcconfig */ = {isa = PBXFileReference; includeInIndex = 1; lastKnownFileType = text.xcconfig; name = "Pods-Trippin.release.xcconfig"; path = "Pods/Target Support Files/Pods-Trippin/Pods-Trippin.release.xcconfig"; sourceTree = "<group>"; };
/* End PBXFileReference section */

/* Begin PBXFrameworksBuildPhase section */
		93C9BEDE210BE8AA00B9DAD9 /* Frameworks */ = {
			isa = PBXFrameworksBuildPhase;
			buildActionMask = 2147483647;
			files = (
				9E8CCEA6BCA7C9C2B56E1238 /* Pods_Trippin.framework in Frameworks */,
			);
			runOnlyForDeploymentPostprocessing = 0;
		};
/* End PBXFrameworksBuildPhase section */

/* Begin PBXGroup section */
		8D2D6ADF45F89EB518D90D11 /* Pods */ = {
			isa = PBXGroup;
			children = (
				137F074E3F19BE36FE05773A /* Pods-Trippin.debug.xcconfig */,
				FEDF3B02EA0E72B9FBFB5BBD /* Pods-Trippin.release.xcconfig */,
			);
			name = Pods;
			sourceTree = "<group>";
		};
		93C9BED8210BE8AA00B9DAD9 = {
			isa = PBXGroup;
			children = (
				93C9BEE3210BE8AA00B9DAD9 /* Trippin */,
				93C9BEE2210BE8AA00B9DAD9 /* Products */,
				8D2D6ADF45F89EB518D90D11 /* Pods */,
				B8C9AA6B9CE5B5511C7C3C31 /* Frameworks */,
			);
			sourceTree = "<group>";
		};
		93C9BEE2210BE8AA00B9DAD9 /* Products */ = {
			isa = PBXGroup;
			children = (
				93C9BEE1210BE8AA00B9DAD9 /* Trippin.app */,
			);
			name = Products;
			sourceTree = "<group>";
		};
		93C9BEE3210BE8AA00B9DAD9 /* Trippin */ = {
			isa = PBXGroup;
			children = (
				93C9BEE4210BE8AA00B9DAD9 /* AppDelegate.swift */,
				93E2264B210CE982005AFF85 /* StarterViewController.swift */,
				93C9BEE6210BE8AA00B9DAD9 /* ExplorerViewController.swift */,
				936A3777210E46F300B6209C /* CityViewController.swift */,
				936A3779210E60A000B6209C /* City.swift */,
				936A3781210E692600B6209C /* CityTableViewCell.swift */,
				93C9BEEA210BE8AA00B9DAD9 /* Main.storyboard */,
				93C9BEED210BE8AD00B9DAD9 /* Assets.xcassets */,
				93C9BEEF210BE8AD00B9DAD9 /* LaunchScreen.storyboard */,
				93C9BEF2210BE8AD00B9DAD9 /* Info.plist */,
			);
			path = Trippin;
			sourceTree = "<group>";
		};
		B8C9AA6B9CE5B5511C7C3C31 /* Frameworks */ = {
			isa = PBXGroup;
			children = (
				AC12A4956A62A7645B64C7A9 /* Pods_Trippin.framework */,
			);
			name = Frameworks;
			sourceTree = "<group>";
		};
/* End PBXGroup section */

/* Begin PBXNativeTarget section */
		93C9BEE0210BE8AA00B9DAD9 /* Trippin */ = {
			isa = PBXNativeTarget;
			buildConfigurationList = 93C9BEF5210BE8AD00B9DAD9 /* Build configuration list for PBXNativeTarget "Trippin" */;
			buildPhases = (
				84432DCBAE975761B0FE651E /* [CP] Check Pods Manifest.lock */,
				93C9BEDD210BE8AA00B9DAD9 /* Sources */,
				93C9BEDE210BE8AA00B9DAD9 /* Frameworks */,
				93C9BEDF210BE8AA00B9DAD9 /* Resources */,
				C818E0659CBF01B4E12FACC4 /* [CP] Embed Pods Frameworks */,
			);
			buildRules = (
			);
			dependencies = (
			);
			name = Trippin;
			productName = Trippin;
			productReference = 93C9BEE1210BE8AA00B9DAD9 /* Trippin.app */;
			productType = "com.apple.product-type.application";
		};
/* End PBXNativeTarget section */

/* Begin PBXProject section */
		93C9BED9210BE8AA00B9DAD9 /* Project object */ = {
			isa = PBXProject;
			attributes = {
				LastSwiftUpdateCheck = 0940;
				LastUpgradeCheck = 0940;
				ORGANIZATIONNAME = "Luiz Santos";
				TargetAttributes = {
					93C9BEE0210BE8AA00B9DAD9 = {
						CreatedOnToolsVersion = 9.4.1;
					};
				};
			};
			buildConfigurationList = 93C9BEDC210BE8AA00B9DAD9 /* Build configuration list for PBXProject "Trippin" */;
			compatibilityVersion = "Xcode 9.3";
			developmentRegion = en;
			hasScannedForEncodings = 0;
			knownRegions = (
				en,
				Base,
			);
			mainGroup = 93C9BED8210BE8AA00B9DAD9;
			productRefGroup = 93C9BEE2210BE8AA00B9DAD9 /* Products */;
			projectDirPath = "";
			projectRoot = "";
			targets = (
				93C9BEE0210BE8AA00B9DAD9 /* Trippin */,
			);
		};
/* End PBXProject section */

/* Begin PBXResourcesBuildPhase section */
		93C9BEDF210BE8AA00B9DAD9 /* Resources */ = {
			isa = PBXResourcesBuildPhase;
			buildActionMask = 2147483647;
			files = (
				93C9BEF1210BE8AD00B9DAD9 /* LaunchScreen.storyboard in Resources */,
				93C9BEEE210BE8AD00B9DAD9 /* Assets.xcassets in Resources */,
				93C9BEEC210BE8AA00B9DAD9 /* Main.storyboard in Resources */,
			);
			runOnlyForDeploymentPostprocessing = 0;
		};
/* End PBXResourcesBuildPhase section */

/* Begin PBXShellScriptBuildPhase section */
		84432DCBAE975761B0FE651E /* [CP] Check Pods Manifest.lock */ = {
			isa = PBXShellScriptBuildPhase;
			buildActionMask = 2147483647;
			files = (
			);
			inputPaths = (
				"${PODS_PODFILE_DIR_PATH}/Podfile.lock",
				"${PODS_ROOT}/Manifest.lock",
			);
			name = "[CP] Check Pods Manifest.lock";
			outputPaths = (
				"$(DERIVED_FILE_DIR)/Pods-Trippin-checkManifestLockResult.txt",
			);
			runOnlyForDeploymentPostprocessing = 0;
			shellPath = /bin/sh;
			shellScript = "diff \"${PODS_PODFILE_DIR_PATH}/Podfile.lock\" \"${PODS_ROOT}/Manifest.lock\" > /dev/null\nif [ $? != 0 ] ; then\n    # print error to STDERR\n    echo \"error: The sandbox is not in sync with the Podfile.lock. Run 'pod install' or update your CocoaPods installation.\" >&2\n    exit 1\nfi\n# This output is used by Xcode 'outputs' to avoid re-running this script phase.\necho \"SUCCESS\" > \"${SCRIPT_OUTPUT_FILE_0}\"\n";
			showEnvVarsInLog = 0;
		};
		C818E0659CBF01B4E12FACC4 /* [CP] Embed Pods Frameworks */ = {
			isa = PBXShellScriptBuildPhase;
			buildActionMask = 2147483647;
			files = (
			);
			inputPaths = (
				"${SRCROOT}/Pods/Target Support Files/Pods-Trippin/Pods-Trippin-frameworks.sh",
				"${BUILT_PRODUCTS_DIR}/ChameleonFramework/ChameleonFramework.framework",
				"${BUILT_PRODUCTS_DIR}/Realm/Realm.framework",
				"${BUILT_PRODUCTS_DIR}/RealmSwift/RealmSwift.framework",
			);
			name = "[CP] Embed Pods Frameworks";
			outputPaths = (
				"${TARGET_BUILD_DIR}/${FRAMEWORKS_FOLDER_PATH}/ChameleonFramework.framework",
				"${TARGET_BUILD_DIR}/${FRAMEWORKS_FOLDER_PATH}/Realm.framework",
				"${TARGET_BUILD_DIR}/${FRAMEWORKS_FOLDER_PATH}/RealmSwift.framework",
			);
			runOnlyForDeploymentPostprocessing = 0;
			shellPath = /bin/sh;
			shellScript = "\"${SRCROOT}/Pods/Target Support Files/Pods-Trippin/Pods-Trippin-frameworks.sh\"\n";
			showEnvVarsInLog = 0;
		};
/* End PBXShellScriptBuildPhase section */

/* Begin PBXSourcesBuildPhase section */
		93C9BEDD210BE8AA00B9DAD9 /* Sources */ = {
			isa = PBXSourcesBuildPhase;
			buildActionMask = 2147483647;
			files = (
				93E2264C210CE982005AFF85 /* StarterViewController.swift in Sources */,
				936A377A210E60A100B6209C /* City.swift in Sources */,
				936A3783210E692600B6209C /* CityTableViewCell.swift in Sources */,
				93C9BEE5210BE8AA00B9DAD9 /* AppDelegate.swift in Sources */,
				93C9BEE7210BE8AA00B9DAD9 /* ExplorerViewController.swift in Sources */,
				936A3778210E46F300B6209C /* CityViewController.swift in Sources */,
			);
			runOnlyForDeploymentPostprocessing = 0;
		};
/* End PBXSourcesBuildPhase section */

/* Begin PBXVariantGroup section */
		93C9BEEA210BE8AA00B9DAD9 /* Main.storyboard */ = {
			isa = PBXVariantGroup;
			children = (
				93C9BEEB210BE8AA00B9DAD9 /* Base */,
			);
			name = Main.storyboard;
			sourceTree = "<group>";
		};
		93C9BEEF210BE8AD00B9DAD9 /* LaunchScreen.storyboard */ = {
			isa = PBXVariantGroup;
			children = (
				93C9BEF0210BE8AD00B9DAD9 /* Base */,
			);
			name = LaunchScreen.storyboard;
			sourceTree = "<group>";
		};
/* End PBXVariantGroup section */

/* Begin XCBuildConfiguration section */
		93C9BEF3210BE8AD00B9DAD9 /* Debug */ = {
			isa = XCBuildConfiguration;
			buildSettings = {
				ALWAYS_SEARCH_USER_PATHS = NO;
				CLANG_ANALYZER_NONNULL = YES;
				CLANG_ANALYZER_NUMBER_OBJECT_CONVERSION = YES_AGGRESSIVE;
				CLANG_CXX_LANGUAGE_STANDARD = "gnu++14";
				CLANG_CXX_LIBRARY = "libc++";
				CLANG_ENABLE_MODULES = YES;
				CLANG_ENABLE_OBJC_ARC = YES;
				CLANG_ENABLE_OBJC_WEAK = YES;
				CLANG_WARN_BLOCK_CAPTURE_AUTORELEASING = YES;
				CLANG_WARN_BOOL_CONVERSION = YES;
				CLANG_WARN_COMMA = YES;
				CLANG_WARN_CONSTANT_CONVERSION = YES;
				CLANG_WARN_DEPRECATED_OBJC_IMPLEMENTATIONS = YES;
				CLANG_WARN_DIRECT_OBJC_ISA_USAGE = YES_ERROR;
				CLANG_WARN_DOCUMENTATION_COMMENTS = YES;
				CLANG_WARN_EMPTY_BODY = YES;
				CLANG_WARN_ENUM_CONVERSION = YES;
				CLANG_WARN_INFINITE_RECURSION = YES;
				CLANG_WARN_INT_CONVERSION = YES;
				CLANG_WARN_NON_LITERAL_NULL_CONVERSION = YES;
				CLANG_WARN_OBJC_IMPLICIT_RETAIN_SELF = YES;
				CLANG_WARN_OBJC_LITERAL_CONVERSION = YES;
				CLANG_WARN_OBJC_ROOT_CLASS = YES_ERROR;
				CLANG_WARN_RANGE_LOOP_ANALYSIS = YES;
				CLANG_WARN_STRICT_PROTOTYPES = YES;
				CLANG_WARN_SUSPICIOUS_MOVE = YES;
				CLANG_WARN_UNGUARDED_AVAILABILITY = YES_AGGRESSIVE;
				CLANG_WARN_UNREACHABLE_CODE = YES;
				CLANG_WARN__DUPLICATE_METHOD_MATCH = YES;
				CODE_SIGN_IDENTITY = "iPhone Developer";
				COPY_PHASE_STRIP = NO;
				DEBUG_INFORMATION_FORMAT = dwarf;
				ENABLE_STRICT_OBJC_MSGSEND = YES;
				ENABLE_TESTABILITY = YES;
				GCC_C_LANGUAGE_STANDARD = gnu11;
				GCC_DYNAMIC_NO_PIC = NO;
				GCC_NO_COMMON_BLOCKS = YES;
				GCC_OPTIMIZATION_LEVEL = 0;
				GCC_PREPROCESSOR_DEFINITIONS = (
					"DEBUG=1",
					"$(inherited)",
				);
				GCC_WARN_64_TO_32_BIT_CONVERSION = YES;
				GCC_WARN_ABOUT_RETURN_TYPE = YES_ERROR;
				GCC_WARN_UNDECLARED_SELECTOR = YES;
				GCC_WARN_UNINITIALIZED_AUTOS = YES_AGGRESSIVE;
				GCC_WARN_UNUSED_FUNCTION = YES;
				GCC_WARN_UNUSED_VARIABLE = YES;
				IPHONEOS_DEPLOYMENT_TARGET = 11.4;
				MTL_ENABLE_DEBUG_INFO = YES;
				ONLY_ACTIVE_ARCH = YES;
				SDKROOT = iphoneos;
				SWIFT_ACTIVE_COMPILATION_CONDITIONS = DEBUG;
				SWIFT_OPTIMIZATION_LEVEL = "-Onone";
			};
			name = Debug;
		};
		93C9BEF4210BE8AD00B9DAD9 /* Release */ = {
			isa = XCBuildConfiguration;
			buildSettings = {
				ALWAYS_SEARCH_USER_PATHS = NO;
				CLANG_ANALYZER_NONNULL = YES;
				CLANG_ANALYZER_NUMBER_OBJECT_CONVERSION = YES_AGGRESSIVE;
				CLANG_CXX_LANGUAGE_STANDARD = "gnu++14";
				CLANG_CXX_LIBRARY = "libc++";
				CLANG_ENABLE_MODULES = YES;
				CLANG_ENABLE_OBJC_ARC = YES;
				CLANG_ENABLE_OBJC_WEAK = YES;
				CLANG_WARN_BLOCK_CAPTURE_AUTORELEASING = YES;
				CLANG_WARN_BOOL_CONVERSION = YES;
				CLANG_WARN_COMMA = YES;
				CLANG_WARN_CONSTANT_CONVERSION = YES;
				CLANG_WARN_DEPRECATED_OBJC_IMPLEMENTATIONS = YES;
				CLANG_WARN_DIRECT_OBJC_ISA_USAGE = YES_ERROR;
				CLANG_WARN_DOCUMENTATION_COMMENTS = YES;
				CLANG_WARN_EMPTY_BODY = YES;
				CLANG_WARN_ENUM_CONVERSION = YES;
				CLANG_WARN_INFINITE_RECURSION = YES;
				CLANG_WARN_INT_CONVERSION = YES;
				CLANG_WARN_NON_LITERAL_NULL_CONVERSION = YES;
				CLANG_WARN_OBJC_IMPLICIT_RETAIN_SELF = YES;
				CLANG_WARN_OBJC_LITERAL_CONVERSION = YES;
				CLANG_WARN_OBJC_ROOT_CLASS = YES_ERROR;
				CLANG_WARN_RANGE_LOOP_ANALYSIS = YES;
				CLANG_WARN_STRICT_PROTOTYPES = YES;
				CLANG_WARN_SUSPICIOUS_MOVE = YES;
				CLANG_WARN_UNGUARDED_AVAILABILITY = YES_AGGRESSIVE;
				CLANG_WARN_UNREACHABLE_CODE = YES;
				CLANG_WARN__DUPLICATE_METHOD_MATCH = YES;
				CODE_SIGN_IDENTITY = "iPhone Developer";
				COPY_PHASE_STRIP = NO;
				DEBUG_INFORMATION_FORMAT = "dwarf-with-dsym";
				ENABLE_NS_ASSERTIONS = NO;
				ENABLE_STRICT_OBJC_MSGSEND = YES;
				GCC_C_LANGUAGE_STANDARD = gnu11;
				GCC_NO_COMMON_BLOCKS = YES;
				GCC_WARN_64_TO_32_BIT_CONVERSION = YES;
				GCC_WARN_ABOUT_RETURN_TYPE = YES_ERROR;
				GCC_WARN_UNDECLARED_SELECTOR = YES;
				GCC_WARN_UNINITIALIZED_AUTOS = YES_AGGRESSIVE;
				GCC_WARN_UNUSED_FUNCTION = YES;
				GCC_WARN_UNUSED_VARIABLE = YES;
				IPHONEOS_DEPLOYMENT_TARGET = 11.4;
				MTL_ENABLE_DEBUG_INFO = NO;
				SDKROOT = iphoneos;
				SWIFT_COMPILATION_MODE = wholemodule;
				SWIFT_OPTIMIZATION_LEVEL = "-O";
				VALIDATE_PRODUCT = YES;
			};
			name = Release;
		};
		93C9BEF6210BE8AD00B9DAD9 /* Debug */ = {
			isa = XCBuildConfiguration;
			baseConfigurationReference = 137F074E3F19BE36FE05773A /* Pods-Trippin.debug.xcconfig */;
			buildSettings = {
				ASSETCATALOG_COMPILER_APPICON_NAME = AppIcon;
				CODE_SIGN_STYLE = Automatic;
				DEVELOPMENT_TEAM = BF637P9TJ6;
				INFOPLIST_FILE = Trippin/Info.plist;
				LD_RUNPATH_SEARCH_PATHS = (
					"$(inherited)",
					"@executable_path/Frameworks",
				);
				PRODUCT_BUNDLE_IDENTIFIER = com.luizsantos.Trippin;
				PRODUCT_NAME = "$(TARGET_NAME)";
				SWIFT_VERSION = 4.0;
				TARGETED_DEVICE_FAMILY = "1,2";
			};
			name = Debug;
		};
		93C9BEF7210BE8AD00B9DAD9 /* Release */ = {
			isa = XCBuildConfiguration;
			baseConfigurationReference = FEDF3B02EA0E72B9FBFB5BBD /* Pods-Trippin.release.xcconfig */;
			buildSettings = {
				ASSETCATALOG_COMPILER_APPICON_NAME = AppIcon;
				CODE_SIGN_STYLE = Automatic;
				DEVELOPMENT_TEAM = BF637P9TJ6;
				INFOPLIST_FILE = Trippin/Info.plist;
				LD_RUNPATH_SEARCH_PATHS = (
					"$(inherited)",
					"@executable_path/Frameworks",
				);
				PRODUCT_BUNDLE_IDENTIFIER = com.luizsantos.Trippin;
				PRODUCT_NAME = "$(TARGET_NAME)";
				SWIFT_VERSION = 4.0;
				TARGETED_DEVICE_FAMILY = "1,2";
			};
			name = Release;
		};
/* End XCBuildConfiguration section */

/* Begin XCConfigurationList section */
		93C9BEDC210BE8AA00B9DAD9 /* Build configuration list for PBXProject "Trippin" */ = {
			isa = XCConfigurationList;
			buildConfigurations = (
				93C9BEF3210BE8AD00B9DAD9 /* Debug */,
				93C9BEF4210BE8AD00B9DAD9 /* Release */,
			);
			defaultConfigurationIsVisible = 0;
			defaultConfigurationName = Release;
		};
		93C9BEF5210BE8AD00B9DAD9 /* Build configuration list for PBXNativeTarget "Trippin" */ = {
			isa = XCConfigurationList;
			buildConfigurations = (
				93C9BEF6210BE8AD00B9DAD9 /* Debug */,
				93C9BEF7210BE8AD00B9DAD9 /* Release */,
			);
			defaultConfigurationIsVisible = 0;
			defaultConfigurationName = Release;
		};
/* End XCConfigurationList section */
	};
	rootObject = 93C9BED9210BE8AA00B9DAD9 /* Project object */;
}
